
Microsoft Visual Studio Solution File, Format Version 12.00
# Visual Studio Version 16
VisualStudioVersion = 16.0.30804.86
MinimumVisualStudioVersion = 10.0.40219.1
Project("{FAE04EC0-301F-11D3-BF4B-00C04F79EFBC}") = "Les01", "Les01\Les01.csproj", "{CDEF63DF-A610-4878-8B53-1F3C009074BD}"
EndProject
Global
	GlobalSection(SolutionConfigurationPlatforms) = preSolution
		Debug|Any CPU = Debug|Any CPU
		Release|Any CPU = Release|Any CPU
	EndGlobalSection
	GlobalSection(ProjectConfigurationPlatforms) = postSolution
		{CDEF63DF-A610-4878-8B53-1F3C009074BD}.Debug|Any CPU.ActiveCfg = Debug|Any CPU
		{CDEF63DF-A610-4878-8B53-1F3C009074BD}.Debug|Any CPU.Build.0 = Debug|Any CPU
		{CDEF63DF-A610-4878-8B53-1F3C009074BD}.Release|Any CPU.ActiveCfg = Release|Any CPU
		{CDEF63DF-A610-4878-8B53-1F3C009074BD}.Release|Any CPU.Build.0 = Release|Any CPU
	EndGlobalSection
	GlobalSection(SolutionProperties) = preSolution
		HideSolutionNode = FALSE
	EndGlobalSection
	GlobalSection(ExtensibilityGlobals) = postSolution
		SolutionGuid = {078FAB26-614A-4CFE-AC95-6D7309308ADC}
	EndGlobalSection
EndGlobal
